
Microsoft Visual Studio Solution File, Format Version 12.00
# Visual Studio 15
VisualStudioVersion = 15.0.27703.2042
MinimumVisualStudioVersion = 10.0.40219.1
Project("{FAE04EC0-301F-11D3-BF4B-00C04F79EFBC}") = "Excursion", "Excursion\Excursion.csproj", "{2DBE5D8F-1C3D-4E9A-90D5-2C0799BAC1B0}"
EndProject
Global
	GlobalSection(SolutionConfigurationPlatforms) = preSolution
		Debug|Any CPU = Debug|Any CPU
		Release|Any CPU = Release|Any CPU
	EndGlobalSection
	GlobalSection(ProjectConfigurationPlatforms) = postSolution
		{2DBE5D8F-1C3D-4E9A-90D5-2C0799BAC1B0}.Debug|Any CPU.ActiveCfg = Debug|Any CPU
		{2DBE5D8F-1C3D-4E9A-90D5-2C0799BAC1B0}.Debug|Any CPU.Build.0 = Debug|Any CPU
		{2DBE5D8F-1C3D-4E9A-90D5-2C0799BAC1B0}.Release|Any CPU.ActiveCfg = Release|Any CPU
		{2DBE5D8F-1C3D-4E9A-90D5-2C0799BAC1B0}.Release|Any CPU.Build.0 = Release|Any CPU
	EndGlobalSection
	GlobalSection(SolutionProperties) = preSolution
		HideSolutionNode = FALSE
	EndGlobalSection
	GlobalSection(ExtensibilityGlobals) = postSolution
		SolutionGuid = {730F8E47-E899-4E8E-A3C0-16E76165C952}
	EndGlobalSection
EndGlobal
